// !$*UTF8*$!
{
	archiveVersion = 1;
	classes = {
	};
	objectVersion = 46;
	objects = {

/* Begin PBXBuildFile section */
		E9FCB63B1F0BD770006402C4 /* AppDelegate.swift in Sources */ = {isa = PBXBuildFile; fileRef = E9FCB63A1F0BD770006402C4 /* AppDelegate.swift */; };
		E9FCB63D1F0BD770006402C4 /* ViewController.swift in Sources */ = {isa = PBXBuildFile; fileRef = E9FCB63C1F0BD770006402C4 /* ViewController.swift */; };
		E9FCB6401F0BD770006402C4 /* Main.storyboard in Resources */ = {isa = PBXBuildFile; fileRef = E9FCB63E1F0BD770006402C4 /* Main.storyboard */; };
		E9FCB6421F0BD770006402C4 /* Assets.xcassets in Resources */ = {isa = PBXBuildFile; fileRef = E9FCB6411F0BD770006402C4 /* Assets.xcassets */; };
		E9FCB6451F0BD770006402C4 /* LaunchScreen.storyboard in Resources */ = {isa = PBXBuildFile; fileRef = E9FCB6431F0BD770006402C4 /* LaunchScreen.storyboard */; };
		E9FCB6501F0BD771006402C4 /* SnapChatTests.swift in Sources */ = {isa = PBXBuildFile; fileRef = E9FCB64F1F0BD771006402C4 /* SnapChatTests.swift */; };
/* End PBXBuildFile section */

/* Begin PBXContainerItemProxy section */
		E9FCB64C1F0BD771006402C4 /* PBXContainerItemProxy */ = {
			isa = PBXContainerItemProxy;
			containerPortal = E9FCB62F1F0BD770006402C4 /* Project object */;
			proxyType = 1;
			remoteGlobalIDString = E9FCB6361F0BD770006402C4;
			remoteInfo = SnapChat;
		};
/* End PBXContainerItemProxy section */

/* Begin PBXFileReference section */
		E9FCB6371F0BD770006402C4 /* SnapChat.app */ = {isa = PBXFileReference; explicitFileType = wrapper.application; includeInIndex = 0; path = SnapChat.app; sourceTree = BUILT_PRODUCTS_DIR; };
		E9FCB63A1F0BD770006402C4 /* AppDelegate.swift */ = {isa = PBXFileReference; lastKnownFileType = sourcecode.swift; path = AppDelegate.swift; sourceTree = "<group>"; };
		E9FCB63C1F0BD770006402C4 /* ViewController.swift */ = {isa = PBXFileReference; lastKnownFileType = sourcecode.swift; path = ViewController.swift; sourceTree = "<group>"; };
		E9FCB63F1F0BD770006402C4 /* Base */ = {isa = PBXFileReference; lastKnownFileType = file.storyboard; name = Base; path = Base.lproj/Main.storyboard; sourceTree = "<group>"; };
		E9FCB6411F0BD770006402C4 /* Assets.xcassets */ = {isa = PBXFileReference; lastKnownFileType = folder.assetcatalog; path = Assets.xcassets; sourceTree = "<group>"; };
		E9FCB6441F0BD770006402C4 /* Base */ = {isa = PBXFileReference; lastKnownFileType = file.storyboard; name = Base; path = Base.lproj/LaunchScreen.storyboard; sourceTree = "<group>"; };
		E9FCB6461F0BD770006402C4 /* Info.plist */ = {isa = PBXFileReference; lastKnownFileType = text.plist.xml; path = Info.plist; sourceTree = "<group>"; };
		E9FCB64B1F0BD771006402C4 /* SnapChatTests.xctest */ = {isa = PBXFileReference; explicitFileType = wrapper.cfbundle; includeInIndex = 0; path = SnapChatTests.xctest; sourceTree = BUILT_PRODUCTS_DIR; };
		E9FCB64F1F0BD771006402C4 /* SnapChatTests.swift */ = {isa = PBXFileReference; lastKnownFileType = sourcecode.swift; path = SnapChatTests.swift; sourceTree = "<group>"; };
		E9FCB6511F0BD771006402C4 /* Info.plist */ = {isa = PBXFileReference; lastKnownFileType = text.plist.xml; path = Info.plist; sourceTree = "<group>"; };
/* End PBXFileReference section */

/* Begin PBXFrameworksBuildPhase section */
		E9FCB6341F0BD770006402C4 /* Frameworks */ = {
			isa = PBXFrameworksBuildPhase;
			buildActionMask = 2147483647;
			files = (
			);
			runOnlyForDeploymentPostprocessing = 0;
		};
		E9FCB6481F0BD771006402C4 /* Frameworks */ = {
			isa = PBXFrameworksBuildPhase;
			buildActionMask = 2147483647;
			files = (
			);
			runOnlyForDeploymentPostprocessing = 0;
		};
/* End PBXFrameworksBuildPhase section */

/* Begin PBXGroup section */
		E971BB421F13D10F00ECEC8A /* SupportingFiles */ = {
			isa = PBXGroup;
			children = (
				E9FCB63E1F0BD770006402C4 /* Main.storyboard */,
				E9FCB6431F0BD770006402C4 /* LaunchScreen.storyboard */,
				E9FCB6461F0BD770006402C4 /* Info.plist */,
			);
			name = SupportingFiles;
			sourceTree = "<group>";
		};
		E971BB431F165F6D00ECEC8A /* AppDelegate */ = {
			isa = PBXGroup;
			children = (
				E9FCB63A1F0BD770006402C4 /* AppDelegate.swift */,
			);
			name = AppDelegate;
			sourceTree = "<group>";
		};
		E971BB441F165FAD00ECEC8A /* Modules */ = {
			isa = PBXGroup;
			children = (
				E971BB511F1671B400ECEC8A /* Main */,
				E971BB4C1F1660FA00ECEC8A /* Mine */,
				E971BB4B1F1660F000ECEC8A /* Home */,
			);
			name = Modules;
			sourceTree = "<group>";
		};
		E971BB451F165FBE00ECEC8A /* Manager */ = {
			isa = PBXGroup;
			children = (
			);
			name = Manager;
			sourceTree = "<group>";
		};
		E971BB461F165FCA00ECEC8A /* UtilClass */ = {
			isa = PBXGroup;
			children = (
			);
			name = UtilClass;
			sourceTree = "<group>";
		};
		E971BB471F165FD700ECEC8A /* BaseClass */ = {
			isa = PBXGroup;
			children = (
			);
			name = BaseClass;
			sourceTree = "<group>";
		};
		E971BB481F165FFF00ECEC8A /* ThirdLibrary */ = {
			isa = PBXGroup;
			children = (
			);
			name = ThirdLibrary;
			sourceTree = "<group>";
		};
		E971BB491F16602100ECEC8A /* GlobalDefine */ = {
			isa = PBXGroup;
			children = (
			);
			name = GlobalDefine;
			sourceTree = "<group>";
		};
		E971BB4A1F16604900ECEC8A /* Resource */ = {
			isa = PBXGroup;
			children = (
				E9FCB6411F0BD770006402C4 /* Assets.xcassets */,
			);
			name = Resource;
			sourceTree = "<group>";
		};
		E971BB4B1F1660F000ECEC8A /* Home */ = {
			isa = PBXGroup;
			children = (
				E971BB501F16718300ECEC8A /* Controller */,
				E971BB4F1F16714F00ECEC8A /* Presenter */,
				E971BB4E1F16714A00ECEC8A /* View */,
				E971BB4D1F16713D00ECEC8A /* Model */,
			);
			name = Home;
			sourceTree = "<group>";
		};
		E971BB4C1F1660FA00ECEC8A /* Mine */ = {
			isa = PBXGroup;
			children = (
			);
			name = Mine;
			sourceTree = "<group>";
		};
		E971BB4D1F16713D00ECEC8A /* Model */ = {
			isa = PBXGroup;
			children = (
			);
			name = Model;
			sourceTree = "<group>";
		};
		E971BB4E1F16714A00ECEC8A /* View */ = {
			isa = PBXGroup;
			children = (
			);
			name = View;
			sourceTree = "<group>";
		};
		E971BB4F1F16714F00ECEC8A /* Presenter */ = {
			isa = PBXGroup;
			children = (
			);
			name = Presenter;
			sourceTree = "<group>";
		};
		E971BB501F16718300ECEC8A /* Controller */ = {
			isa = PBXGroup;
			children = (
			);
			name = Controller;
			sourceTree = "<group>";
		};
		E971BB511F1671B400ECEC8A /* Main */ = {
			isa = PBXGroup;
			children = (
				E971BB551F16721100ECEC8A /* Controller */,
				E971BB541F16720B00ECEC8A /* Presenter */,
				E971BB531F16720700ECEC8A /* View */,
				E971BB521F16720200ECEC8A /* Model */,
			);
			name = Main;
			sourceTree = "<group>";
		};
		E971BB521F16720200ECEC8A /* Model */ = {
			isa = PBXGroup;
			children = (
			);
			name = Model;
			sourceTree = "<group>";
		};
		E971BB531F16720700ECEC8A /* View */ = {
			isa = PBXGroup;
			children = (
			);
			name = View;
			sourceTree = "<group>";
		};
		E971BB541F16720B00ECEC8A /* Presenter */ = {
			isa = PBXGroup;
			children = (
			);
			name = Presenter;
			sourceTree = "<group>";
		};
		E971BB551F16721100ECEC8A /* Controller */ = {
			isa = PBXGroup;
			children = (
				E9FCB63C1F0BD770006402C4 /* ViewController.swift */,
			);
			name = Controller;
			sourceTree = "<group>";
		};
		E9FCB62E1F0BD770006402C4 = {
			isa = PBXGroup;
			children = (
				E9FCB6391F0BD770006402C4 /* SnapChat */,
				E9FCB64E1F0BD771006402C4 /* SnapChatTests */,
				E9FCB6381F0BD770006402C4 /* Products */,
			);
			sourceTree = "<group>";
		};
		E9FCB6381F0BD770006402C4 /* Products */ = {
			isa = PBXGroup;
			children = (
				E9FCB6371F0BD770006402C4 /* SnapChat.app */,
				E9FCB64B1F0BD771006402C4 /* SnapChatTests.xctest */,
			);
			name = Products;
			sourceTree = "<group>";
		};
		E9FCB6391F0BD770006402C4 /* SnapChat */ = {
			isa = PBXGroup;
			children = (
				E971BB431F165F6D00ECEC8A /* AppDelegate */,
				E971BB441F165FAD00ECEC8A /* Modules */,
				E971BB451F165FBE00ECEC8A /* Manager */,
				E971BB461F165FCA00ECEC8A /* UtilClass */,
				E971BB491F16602100ECEC8A /* GlobalDefine */,
				E971BB481F165FFF00ECEC8A /* ThirdLibrary */,
				E971BB471F165FD700ECEC8A /* BaseClass */,
				E971BB4A1F16604900ECEC8A /* Resource */,
				E971BB421F13D10F00ECEC8A /* SupportingFiles */,
			);
			path = SnapChat;
			sourceTree = "<group>";
		};
		E9FCB64E1F0BD771006402C4 /* SnapChatTests */ = {
			isa = PBXGroup;
			children = (
				E9FCB64F1F0BD771006402C4 /* SnapChatTests.swift */,
				E9FCB6511F0BD771006402C4 /* Info.plist */,
			);
			path = SnapChatTests;
			sourceTree = "<group>";
		};
/* End PBXGroup section */

/* Begin PBXNativeTarget section */
		E9FCB6361F0BD770006402C4 /* SnapChat */ = {
			isa = PBXNativeTarget;
			buildConfigurationList = E9FCB6541F0BD771006402C4 /* Build configuration list for PBXNativeTarget "SnapChat" */;
			buildPhases = (
				E9FCB6331F0BD770006402C4 /* Sources */,
				E9FCB6341F0BD770006402C4 /* Frameworks */,
				E9FCB6351F0BD770006402C4 /* Resources */,
			);
			buildRules = (
			);
			dependencies = (
			);
			name = SnapChat;
			productName = SnapChat;
			productReference = E9FCB6371F0BD770006402C4 /* SnapChat.app */;
			productType = "com.apple.product-type.application";
		};
		E9FCB64A1F0BD771006402C4 /* SnapChatTests */ = {
			isa = PBXNativeTarget;
			buildConfigurationList = E9FCB6571F0BD771006402C4 /* Build configuration list for PBXNativeTarget "SnapChatTests" */;
			buildPhases = (
				E9FCB6471F0BD771006402C4 /* Sources */,
				E9FCB6481F0BD771006402C4 /* Frameworks */,
				E9FCB6491F0BD771006402C4 /* Resources */,
			);
			buildRules = (
			);
			dependencies = (
				E9FCB64D1F0BD771006402C4 /* PBXTargetDependency */,
			);
			name = SnapChatTests;
			productName = SnapChatTests;
			productReference = E9FCB64B1F0BD771006402C4 /* SnapChatTests.xctest */;
			productType = "com.apple.product-type.bundle.unit-test";
		};
/* End PBXNativeTarget section */

/* Begin PBXProject section */
		E9FCB62F1F0BD770006402C4 /* Project object */ = {
			isa = PBXProject;
			attributes = {
				LastSwiftUpdateCheck = 0830;
				LastUpgradeCheck = 0830;
				ORGANIZATIONNAME = luoheng;
				TargetAttributes = {
					E9FCB6361F0BD770006402C4 = {
						CreatedOnToolsVersion = 8.3.3;
						DevelopmentTeam = S9ZG863E99;
						ProvisioningStyle = Automatic;
					};
					E9FCB64A1F0BD771006402C4 = {
						CreatedOnToolsVersion = 8.3.3;
						DevelopmentTeam = S9ZG863E99;
						ProvisioningStyle = Automatic;
						TestTargetID = E9FCB6361F0BD770006402C4;
					};
				};
			};
			buildConfigurationList = E9FCB6321F0BD770006402C4 /* Build configuration list for PBXProject "SnapChat" */;
			compatibilityVersion = "Xcode 3.2";
			developmentRegion = English;
			hasScannedForEncodings = 0;
			knownRegions = (
				en,
				Base,
			);
			mainGroup = E9FCB62E1F0BD770006402C4;
			productRefGroup = E9FCB6381F0BD770006402C4 /* Products */;
			projectDirPath = "";
			projectRoot = "";
			targets = (
				E9FCB6361F0BD770006402C4 /* SnapChat */,
				E9FCB64A1F0BD771006402C4 /* SnapChatTests */,
			);
		};
/* End PBXProject section */

/* Begin PBXResourcesBuildPhase section */
		E9FCB6351F0BD770006402C4 /* Resources */ = {
			isa = PBXResourcesBuildPhase;
			buildActionMask = 2147483647;
			files = (
				E9FCB6451F0BD770006402C4 /* LaunchScreen.storyboard in Resources */,
				E9FCB6421F0BD770006402C4 /* Assets.xcassets in Resources */,
				E9FCB6401F0BD770006402C4 /* Main.storyboard in Resources */,
			);
			runOnlyForDeploymentPostprocessing = 0;
		};
		E9FCB6491F0BD771006402C4 /* Resources */ = {
			isa = PBXResourcesBuildPhase;
			buildActionMask = 2147483647;
			files = (
			);
			runOnlyForDeploymentPostprocessing = 0;
		};
/* End PBXResourcesBuildPhase section */

/* Begin PBXSourcesBuildPhase section */
		E9FCB6331F0BD770006402C4 /* Sources */ = {
			isa = PBXSourcesBuildPhase;
			buildActionMask = 2147483647;
			files = (
				E9FCB63D1F0BD770006402C4 /* ViewController.swift in Sources */,
				E9FCB63B1F0BD770006402C4 /* AppDelegate.swift in Sources */,
			);
			runOnlyForDeploymentPostprocessing = 0;
		};
		E9FCB6471F0BD771006402C4 /* Sources */ = {
			isa = PBXSourcesBuildPhase;
			buildActionMask = 2147483647;
			files = (
				E9FCB6501F0BD771006402C4 /* SnapChatTests.swift in Sources */,
			);
			runOnlyForDeploymentPostprocessing = 0;
		};
/* End PBXSourcesBuildPhase section */

/* Begin PBXTargetDependency section */
		E9FCB64D1F0BD771006402C4 /* PBXTargetDependency */ = {
			isa = PBXTargetDependency;
			target = E9FCB6361F0BD770006402C4 /* SnapChat */;
			targetProxy = E9FCB64C1F0BD771006402C4 /* PBXContainerItemProxy */;
		};
/* End PBXTargetDependency section */

/* Begin PBXVariantGroup section */
		E9FCB63E1F0BD770006402C4 /* Main.storyboard */ = {
			isa = PBXVariantGroup;
			children = (
				E9FCB63F1F0BD770006402C4 /* Base */,
			);
			name = Main.storyboard;
			sourceTree = "<group>";
		};
		E9FCB6431F0BD770006402C4 /* LaunchScreen.storyboard */ = {
			isa = PBXVariantGroup;
			children = (
				E9FCB6441F0BD770006402C4 /* Base */,
			);
			name = LaunchScreen.storyboard;
			sourceTree = "<group>";
		};
/* End PBXVariantGroup section */

/* Begin XCBuildConfiguration section */
		E9FCB6521F0BD771006402C4 /* Debug */ = {
			isa = XCBuildConfiguration;
			buildSettings = {
				ALWAYS_SEARCH_USER_PATHS = NO;
				CLANG_ANALYZER_NONNULL = YES;
				CLANG_ANALYZER_NUMBER_OBJECT_CONVERSION = YES_AGGRESSIVE;
				CLANG_CXX_LANGUAGE_STANDARD = "gnu++0x";
				CLANG_CXX_LIBRARY = "libc++";
				CLANG_ENABLE_MODULES = YES;
				CLANG_ENABLE_OBJC_ARC = YES;
				CLANG_WARN_BOOL_CONVERSION = YES;
				CLANG_WARN_CONSTANT_CONVERSION = YES;
				CLANG_WARN_DIRECT_OBJC_ISA_USAGE = YES_ERROR;
				CLANG_WARN_DOCUMENTATION_COMMENTS = YES;
				CLANG_WARN_EMPTY_BODY = YES;
				CLANG_WARN_ENUM_CONVERSION = YES;
				CLANG_WARN_INFINITE_RECURSION = YES;
				CLANG_WARN_INT_CONVERSION = YES;
				CLANG_WARN_OBJC_ROOT_CLASS = YES_ERROR;
				CLANG_WARN_SUSPICIOUS_MOVE = YES;
				CLANG_WARN_UNREACHABLE_CODE = YES;
				CLANG_WARN__DUPLICATE_METHOD_MATCH = YES;
				"CODE_SIGN_IDENTITY[sdk=iphoneos*]" = "iPhone Developer";
				COPY_PHASE_STRIP = NO;
				DEBUG_INFORMATION_FORMAT = dwarf;
				ENABLE_STRICT_OBJC_MSGSEND = YES;
				ENABLE_TESTABILITY = YES;
				GCC_C_LANGUAGE_STANDARD = gnu99;
				GCC_DYNAMIC_NO_PIC = NO;
				GCC_NO_COMMON_BLOCKS = YES;
				GCC_OPTIMIZATION_LEVEL = 0;
				GCC_PREPROCESSOR_DEFINITIONS = (
					"DEBUG=1",
					"$(inherited)",
				);
				GCC_WARN_64_TO_32_BIT_CONVERSION = YES;
				GCC_WARN_ABOUT_RETURN_TYPE = YES_ERROR;
				GCC_WARN_UNDECLARED_SELECTOR = YES;
				GCC_WARN_UNINITIALIZED_AUTOS = YES_AGGRESSIVE;
				GCC_WARN_UNUSED_FUNCTION = YES;
				GCC_WARN_UNUSED_VARIABLE = YES;
				IPHONEOS_DEPLOYMENT_TARGET = 10.3;
				MTL_ENABLE_DEBUG_INFO = YES;
				ONLY_ACTIVE_ARCH = YES;
				SDKROOT = iphoneos;
				SWIFT_ACTIVE_COMPILATION_CONDITIONS = DEBUG;
				SWIFT_OPTIMIZATION_LEVEL = "-Onone";
			};
			name = Debug;
		};
		E9FCB6531F0BD771006402C4 /* Release */ = {
			isa = XCBuildConfiguration;
			buildSettings = {
				ALWAYS_SEARCH_USER_PATHS = NO;
				CLANG_ANALYZER_NONNULL = YES;
				CLANG_ANALYZER_NUMBER_OBJECT_CONVERSION = YES_AGGRESSIVE;
				CLANG_CXX_LANGUAGE_STANDARD = "gnu++0x";
				CLANG_CXX_LIBRARY = "libc++";
				CLANG_ENABLE_MODULES = YES;
				CLANG_ENABLE_OBJC_ARC = YES;
				CLANG_WARN_BOOL_CONVERSION = YES;
				CLANG_WARN_CONSTANT_CONVERSION = YES;
				CLANG_WARN_DIRECT_OBJC_ISA_USAGE = YES_ERROR;
				CLANG_WARN_DOCUMENTATION_COMMENTS = YES;
				CLANG_WARN_EMPTY_BODY = YES;
				CLANG_WARN_ENUM_CONVERSION = YES;
				CLANG_WARN_INFINITE_RECURSION = YES;
				CLANG_WARN_INT_CONVERSION = YES;
				CLANG_WARN_OBJC_ROOT_CLASS = YES_ERROR;
				CLANG_WARN_SUSPICIOUS_MOVE = YES;
				CLANG_WARN_UNREACHABLE_CODE = YES;
				CLANG_WARN__DUPLICATE_METHOD_MATCH = YES;
				"CODE_SIGN_IDENTITY[sdk=iphoneos*]" = "iPhone Developer";
				COPY_PHASE_STRIP = NO;
				DEBUG_INFORMATION_FORMAT = "dwarf-with-dsym";
				ENABLE_NS_ASSERTIONS = NO;
				ENABLE_STRICT_OBJC_MSGSEND = YES;
				GCC_C_LANGUAGE_STANDARD = gnu99;
				GCC_NO_COMMON_BLOCKS = YES;
				GCC_WARN_64_TO_32_BIT_CONVERSION = YES;
				GCC_WARN_ABOUT_RETURN_TYPE = YES_ERROR;
				GCC_WARN_UNDECLARED_SELECTOR = YES;
				GCC_WARN_UNINITIALIZED_AUTOS = YES_AGGRESSIVE;
				GCC_WARN_UNUSED_FUNCTION = YES;
				GCC_WARN_UNUSED_VARIABLE = YES;
				IPHONEOS_DEPLOYMENT_TARGET = 10.3;
				MTL_ENABLE_DEBUG_INFO = NO;
				SDKROOT = iphoneos;
				SWIFT_OPTIMIZATION_LEVEL = "-Owholemodule";
				VALIDATE_PRODUCT = YES;
			};
			name = Release;
		};
		E9FCB6551F0BD771006402C4 /* Debug */ = {
			isa = XCBuildConfiguration;
			buildSettings = {
				ASSETCATALOG_COMPILER_APPICON_NAME = AppIcon;
				DEVELOPMENT_TEAM = S9ZG863E99;
				INFOPLIST_FILE = SnapChat/Info.plist;
				IPHONEOS_DEPLOYMENT_TARGET = 8.0;
				LD_RUNPATH_SEARCH_PATHS = "$(inherited) @executable_path/Frameworks";
				PRODUCT_BUNDLE_IDENTIFIER = com.luoheng.SnapChat;
				PRODUCT_NAME = "$(TARGET_NAME)";
				SWIFT_VERSION = 3.0;
			};
			name = Debug;
		};
		E9FCB6561F0BD771006402C4 /* Release */ = {
			isa = XCBuildConfiguration;
			buildSettings = {
				ASSETCATALOG_COMPILER_APPICON_NAME = AppIcon;
				DEVELOPMENT_TEAM = S9ZG863E99;
				INFOPLIST_FILE = SnapChat/Info.plist;
				IPHONEOS_DEPLOYMENT_TARGET = 8.0;
				LD_RUNPATH_SEARCH_PATHS = "$(inherited) @executable_path/Frameworks";
				PRODUCT_BUNDLE_IDENTIFIER = com.luoheng.SnapChat;
				PRODUCT_NAME = "$(TARGET_NAME)";
				SWIFT_VERSION = 3.0;
			};
			name = Release;
		};
		E9FCB6581F0BD771006402C4 /* Debug */ = {
			isa = XCBuildConfiguration;
			buildSettings = {
				ALWAYS_EMBED_SWIFT_STANDARD_LIBRARIES = YES;
				BUNDLE_LOADER = "$(TEST_HOST)";
				DEVELOPMENT_TEAM = S9ZG863E99;
				INFOPLIST_FILE = SnapChatTests/Info.plist;
				LD_RUNPATH_SEARCH_PATHS = "$(inherited) @executable_path/Frameworks @loader_path/Frameworks";
				PRODUCT_BUNDLE_IDENTIFIER = com.luoheng.SnapChatTests;
				PRODUCT_NAME = "$(TARGET_NAME)";
				SWIFT_VERSION = 3.0;
				TEST_HOST = "$(BUILT_PRODUCTS_DIR)/SnapChat.app/SnapChat";
			};
			name = Debug;
		};
		E9FCB6591F0BD771006402C4 /* Release */ = {
			isa = XCBuildConfiguration;
			buildSettings = {
				ALWAYS_EMBED_SWIFT_STANDARD_LIBRARIES = YES;
				BUNDLE_LOADER = "$(TEST_HOST)";
				DEVELOPMENT_TEAM = S9ZG863E99;
				INFOPLIST_FILE = SnapChatTests/Info.plist;
				LD_RUNPATH_SEARCH_PATHS = "$(inherited) @executable_path/Frameworks @loader_path/Frameworks";
				PRODUCT_BUNDLE_IDENTIFIER = com.luoheng.SnapChatTests;
				PRODUCT_NAME = "$(TARGET_NAME)";
				SWIFT_VERSION = 3.0;
				TEST_HOST = "$(BUILT_PRODUCTS_DIR)/SnapChat.app/SnapChat";
			};
			name = Release;
		};
/* End XCBuildConfiguration section */

/* Begin XCConfigurationList section */
		E9FCB6321F0BD770006402C4 /* Build configuration list for PBXProject "SnapChat" */ = {
			isa = XCConfigurationList;
			buildConfigurations = (
				E9FCB6521F0BD771006402C4 /* Debug */,
				E9FCB6531F0BD771006402C4 /* Release */,
			);
			defaultConfigurationIsVisible = 0;
			defaultConfigurationName = Release;
		};
		E9FCB6541F0BD771006402C4 /* Build configuration list for PBXNativeTarget "SnapChat" */ = {
			isa = XCConfigurationList;
			buildConfigurations = (
				E9FCB6551F0BD771006402C4 /* Debug */,
				E9FCB6561F0BD771006402C4 /* Release */,
			);
			defaultConfigurationIsVisible = 0;
			defaultConfigurationName = Release;
		};
		E9FCB6571F0BD771006402C4 /* Build configuration list for PBXNativeTarget "SnapChatTests" */ = {
			isa = XCConfigurationList;
			buildConfigurations = (
				E9FCB6581F0BD771006402C4 /* Debug */,
				E9FCB6591F0BD771006402C4 /* Release */,
			);
			defaultConfigurationIsVisible = 0;
			defaultConfigurationName = Release;
		};
/* End XCConfigurationList section */
	};
	rootObject = E9FCB62F1F0BD770006402C4 /* Project object */;
}
